
Microsoft Visual Studio Solution File, Format Version 12.00
# Visual Studio 2013
VisualStudioVersion = 12.0.31101.0
MinimumVisualStudioVersion = 10.0.40219.1
Project("{8BC9CEB8-8B4A-11D0-8D11-00A0C91BC942}") = "PM", "PM\PM.vcxproj", "{CC90D064-D01C-48B2-AABE-987B5AA29467}"
	ProjectSection(ProjectDependencies) = postProject
		{1AA46442-D119-49BE-B394-5943DCAFE62D} = {1AA46442-D119-49BE-B394-5943DCAFE62D}
		{53872481-1472-7556-9666-821985737652} = {53872481-1472-7556-9666-821985737652}
		{5C4DF286-3618-4B64-B1E4-BD9C4D873C80} = {5C4DF286-3618-4B64-B1E4-BD9C4D873C80}
		{E269D9EC-F629-47AE-85F2-4C30D6665960} = {E269D9EC-F629-47AE-85F2-4C30D6665960}
	EndProjectSection
EndProject
Project("{8BC9CEB8-8B4A-11D0-8D11-00A0C91BC942}") = "ugmfclib", "..\libs\Ultimate Grid\BuildLib\ugmfclib VC2013.vcxproj", "{E269D9EC-F629-47AE-85F2-4C30D6665960}"
EndProject
Project("{8BC9CEB8-8B4A-11D0-8D11-00A0C91BC942}") = "Codejock.ToolkitPro.Static", "..\libs\Xtreme_ToolkitPro_v15.3.1\Workspace\ToolkitPro\ToolkitProStatic_vc120.vcxproj", "{53872481-1472-7556-9666-821985737652}"
EndProject
Project("{8BC9CEB8-8B4A-11D0-8D11-00A0C91BC942}") = "XToolTip", "..\libs\XToolTip\XToolTip.vcxproj", "{1AA46442-D119-49BE-B394-5943DCAFE62D}"
EndProject
Project("{8BC9CEB8-8B4A-11D0-8D11-00A0C91BC942}") = "TinyXml", "..\libs\TinyXml\TinyXml.vcxproj", "{5C4DF286-3618-4B64-B1E4-BD9C4D873C80}"
EndProject
Global
	GlobalSection(SolutionConfigurationPlatforms) = preSolution
		Debug|Win32 = Debug|Win32
		Debug|x64 = Debug|x64
		Dynamic Debug|Win32 = Dynamic Debug|Win32
		Dynamic Debug|x64 = Dynamic Debug|x64
		Dynamic Release|Win32 = Dynamic Release|Win32
		Dynamic Release|x64 = Dynamic Release|x64
		Dynamic Unicode Debug|Win32 = Dynamic Unicode Debug|Win32
		Dynamic Unicode Debug|x64 = Dynamic Unicode Debug|x64
		Dynamic Unicode Release|Win32 = Dynamic Unicode Release|Win32
		Dynamic Unicode Release|x64 = Dynamic Unicode Release|x64
		Release|Win32 = Release|Win32
		Release|x64 = Release|x64
		Static Debug|Win32 = Static Debug|Win32
		Static Debug|x64 = Static Debug|x64
		Static Release|Win32 = Static Release|Win32
		Static Release|x64 = Static Release|x64
		Static Unicode Debug|Win32 = Static Unicode Debug|Win32
		Static Unicode Debug|x64 = Static Unicode Debug|x64
		Static Unicode Release|Win32 = Static Unicode Release|Win32
		Static Unicode Release|x64 = Static Unicode Release|x64
		UGDbgMFCDLL Unicode|Win32 = UGDbgMFCDLL Unicode|Win32
		UGDbgMFCDLL Unicode|x64 = UGDbgMFCDLL Unicode|x64
		UGDbgMFCDLL|Win32 = UGDbgMFCDLL|Win32
		UGDbgMFCDLL|x64 = UGDbgMFCDLL|x64
		UGDbgMFCStatic Unicode|Win32 = UGDbgMFCStatic Unicode|Win32
		UGDbgMFCStatic Unicode|x64 = UGDbgMFCStatic Unicode|x64
		UGDbgMFCStatic|Win32 = UGDbgMFCStatic|Win32
		UGDbgMFCStatic|x64 = UGDbgMFCStatic|x64
		UGDbgOleMFCDLL Unicode|Win32 = UGDbgOleMFCDLL Unicode|Win32
		UGDbgOleMFCDLL Unicode|x64 = UGDbgOleMFCDLL Unicode|x64
		UGDbgOleMFCDLL|Win32 = UGDbgOleMFCDLL|Win32
		UGDbgOleMFCDLL|x64 = UGDbgOleMFCDLL|x64
		UGDbgOleMFCStatic Unicode|Win32 = UGDbgOleMFCStatic Unicode|Win32
		UGDbgOleMFCStatic Unicode|x64 = UGDbgOleMFCStatic Unicode|x64
		UGDbgOleMFCStatic|Win32 = UGDbgOleMFCStatic|Win32
		UGDbgOleMFCStatic|x64 = UGDbgOleMFCStatic|x64
		UGRelMFCDLL Unicode|Win32 = UGRelMFCDLL Unicode|Win32
		UGRelMFCDLL Unicode|x64 = UGRelMFCDLL Unicode|x64
		UGRelMFCDLL|Win32 = UGRelMFCDLL|Win32
		UGRelMFCDLL|x64 = UGRelMFCDLL|x64
		UGRelMFCStatic Unicode|Win32 = UGRelMFCStatic Unicode|Win32
		UGRelMFCStatic Unicode|x64 = UGRelMFCStatic Unicode|x64
		UGRelMFCStatic|Win32 = UGRelMFCStatic|Win32
		UGRelMFCStatic|x64 = UGRelMFCStatic|x64
		UGRelOleMFCDLL Unicode|Win32 = UGRelOleMFCDLL Unicode|Win32
		UGRelOleMFCDLL Unicode|x64 = UGRelOleMFCDLL Unicode|x64
		UGRelOleMFCDLL|Win32 = UGRelOleMFCDLL|Win32
		UGRelOleMFCDLL|x64 = UGRelOleMFCDLL|x64
		UGRelOleMFCStatic Unicode|Win32 = UGRelOleMFCStatic Unicode|Win32
		UGRelOleMFCStatic Unicode|x64 = UGRelOleMFCStatic Unicode|x64
		UGRelOleMFCStatic|Win32 = UGRelOleMFCStatic|Win32
		UGRelOleMFCStatic|x64 = UGRelOleMFCStatic|x64
	EndGlobalSection
	GlobalSection(ProjectConfigurationPlatforms) = postSolution
		{CC90D064-D01C-48B2-AABE-987B5AA29467}.Debug|Win32.ActiveCfg = Debug|Win32
		{CC90D064-D01C-48B2-AABE-987B5AA29467}.Debug|Win32.Build.0 = Debug|Win32
		{CC90D064-D01C-48B2-AABE-987B5AA29467}.Debug|x64.ActiveCfg = Debug|Win32
		{CC90D064-D01C-48B2-AABE-987B5AA29467}.Dynamic Debug|Win32.ActiveCfg = Debug|Win32
		{CC90D064-D01C-48B2-AABE-987B5AA29467}.Dynamic Debug|Win32.Build.0 = Debug|Win32
		{CC90D064-D01C-48B2-AABE-987B5AA29467}.Dynamic Debug|x64.ActiveCfg = Debug|Win32
		{CC90D064-D01C-48B2-AABE-987B5AA29467}.Dynamic Release|Win32.ActiveCfg = Release|Win32
		{CC90D064-D01C-48B2-AABE-987B5AA29467}.Dynamic Release|Win32.Build.0 = Release|Win32
		{CC90D064-D01C-48B2-AABE-987B5AA29467}.Dynamic Release|x64.ActiveCfg = Release|Win32
		{CC90D064-D01C-48B2-AABE-987B5AA29467}.Dynamic Unicode Debug|Win32.ActiveCfg = Debug|Win32
		{CC90D064-D01C-48B2-AABE-987B5AA29467}.Dynamic Unicode Debug|Win32.Build.0 = Debug|Win32
		{CC90D064-D01C-48B2-AABE-987B5AA29467}.Dynamic Unicode Debug|x64.ActiveCfg = Debug|Win32
		{CC90D064-D01C-48B2-AABE-987B5AA29467}.Dynamic Unicode Release|Win32.ActiveCfg = Release|Win32
		{CC90D064-D01C-48B2-AABE-987B5AA29467}.Dynamic Unicode Release|Win32.Build.0 = Release|Win32
		{CC90D064-D01C-48B2-AABE-987B5AA29467}.Dynamic Unicode Release|x64.ActiveCfg = Release|Win32
		{CC90D064-D01C-48B2-AABE-987B5AA29467}.Release|Win32.ActiveCfg = Release|Win32
		{CC90D064-D01C-48B2-AABE-987B5AA29467}.Release|Win32.Build.0 = Release|Win32
		{CC90D064-D01C-48B2-AABE-987B5AA29467}.Release|x64.ActiveCfg = Release|Win32
		{CC90D064-D01C-48B2-AABE-987B5AA29467}.Static Debug|Win32.ActiveCfg = Debug|Win32
		{CC90D064-D01C-48B2-AABE-987B5AA29467}.Static Debug|Win32.Build.0 = Debug|Win32
		{CC90D064-D01C-48B2-AABE-987B5AA29467}.Static Debug|x64.ActiveCfg = Debug|Win32
		{CC90D064-D01C-48B2-AABE-987B5AA29467}.Static Release|Win32.ActiveCfg = Release|Win32
		{CC90D064-D01C-48B2-AABE-987B5AA29467}.Static Release|Win32.Build.0 = Release|Win32
		{CC90D064-D01C-48B2-AABE-987B5AA29467}.Static Release|x64.ActiveCfg = Release|Win32
		{CC90D064-D01C-48B2-AABE-987B5AA29467}.Static Unicode Debug|Win32.ActiveCfg = Debug|Win32
		{CC90D064-D01C-48B2-AABE-987B5AA29467}.Static Unicode Debug|Win32.Build.0 = Debug|Win32
		{CC90D064-D01C-48B2-AABE-987B5AA29467}.Static Unicode Debug|x64.ActiveCfg = Debug|Win32
		{CC90D064-D01C-48B2-AABE-987B5AA29467}.Static Unicode Release|Win32.ActiveCfg = Release|Win32
		{CC90D064-D01C-48B2-AABE-987B5AA29467}.Static Unicode Release|Win32.Build.0 = Release|Win32
		{CC90D064-D01C-48B2-AABE-987B5AA29467}.Static Unicode Release|x64.ActiveCfg = Release|Win32
		{CC90D064-D01C-48B2-AABE-987B5AA29467}.UGDbgMFCDLL Unicode|Win32.ActiveCfg = Release|Win32
		{CC90D064-D01C-48B2-AABE-987B5AA29467}.UGDbgMFCDLL Unicode|Win32.Build.0 = Release|Win32
		{CC90D064-D01C-48B2-AABE-987B5AA29467}.UGDbgMFCDLL Unicode|x64.ActiveCfg = Release|Win32
		{CC90D064-D01C-48B2-AABE-987B5AA29467}.UGDbgMFCDLL|Win32.ActiveCfg = Release|Win32
		{CC90D064-D01C-48B2-AABE-987B5AA29467}.UGDbgMFCDLL|Win32.Build.0 = Release|Win32
		{CC90D064-D01C-48B2-AABE-987B5AA29467}.UGDbgMFCDLL|x64.ActiveCfg = Release|Win32
		{CC90D064-D01C-48B2-AABE-987B5AA29467}.UGDbgMFCStatic Unicode|Win32.ActiveCfg = Release|Win32
		{CC90D064-D01C-48B2-AABE-987B5AA29467}.UGDbgMFCStatic Unicode|Win32.Build.0 = Release|Win32
		{CC90D064-D01C-48B2-AABE-987B5AA29467}.UGDbgMFCStatic Unicode|x64.ActiveCfg = Release|Win32
		{CC90D064-D01C-48B2-AABE-987B5AA29467}.UGDbgMFCStatic|Win32.ActiveCfg = Release|Win32
		{CC90D064-D01C-48B2-AABE-987B5AA29467}.UGDbgMFCStatic|Win32.Build.0 = Release|Win32
		{CC90D064-D01C-48B2-AABE-987B5AA29467}.UGDbgMFCStatic|x64.ActiveCfg = Release|Win32
		{CC90D064-D01C-48B2-AABE-987B5AA29467}.UGDbgOleMFCDLL Unicode|Win32.ActiveCfg = Release|Win32
		{CC90D064-D01C-48B2-AABE-987B5AA29467}.UGDbgOleMFCDLL Unicode|Win32.Build.0 = Release|Win32
		{CC90D064-D01C-48B2-AABE-987B5AA29467}.UGDbgOleMFCDLL Unicode|x64.ActiveCfg = Release|Win32
		{CC90D064-D01C-48B2-AABE-987B5AA29467}.UGDbgOleMFCDLL|Win32.ActiveCfg = Release|Win32
		{CC90D064-D01C-48B2-AABE-987B5AA29467}.UGDbgOleMFCDLL|Win32.Build.0 = Release|Win32
		{CC90D064-D01C-48B2-AABE-987B5AA29467}.UGDbgOleMFCDLL|x64.ActiveCfg = Release|Win32
		{CC90D064-D01C-48B2-AABE-987B5AA29467}.UGDbgOleMFCStatic Unicode|Win32.ActiveCfg = Release|Win32
		{CC90D064-D01C-48B2-AABE-987B5AA29467}.UGDbgOleMFCStatic Unicode|Win32.Build.0 = Release|Win32
		{CC90D064-D01C-48B2-AABE-987B5AA29467}.UGDbgOleMFCStatic Unicode|x64.ActiveCfg = Release|Win32
		{CC90D064-D01C-48B2-AABE-987B5AA29467}.UGDbgOleMFCStatic|Win32.ActiveCfg = Release|Win32
		{CC90D064-D01C-48B2-AABE-987B5AA29467}.UGDbgOleMFCStatic|Win32.Build.0 = Release|Win32
		{CC90D064-D01C-48B2-AABE-987B5AA29467}.UGDbgOleMFCStatic|x64.ActiveCfg = Release|Win32
		{CC90D064-D01C-48B2-AABE-987B5AA29467}.UGRelMFCDLL Unicode|Win32.ActiveCfg = Release|Win32
		{CC90D064-D01C-48B2-AABE-987B5AA29467}.UGRelMFCDLL Unicode|Win32.Build.0 = Release|Win32
		{CC90D064-D01C-48B2-AABE-987B5AA29467}.UGRelMFCDLL Unicode|x64.ActiveCfg = Release|Win32
		{CC90D064-D01C-48B2-AABE-987B5AA29467}.UGRelMFCDLL|Win32.ActiveCfg = Release|Win32
		{CC90D064-D01C-48B2-AABE-987B5AA29467}.UGRelMFCDLL|Win32.Build.0 = Release|Win32
		{CC90D064-D01C-48B2-AABE-987B5AA29467}.UGRelMFCDLL|x64.ActiveCfg = Release|Win32
		{CC90D064-D01C-48B2-AABE-987B5AA29467}.UGRelMFCStatic Unicode|Win32.ActiveCfg = Release|Win32
		{CC90D064-D01C-48B2-AABE-987B5AA29467}.UGRelMFCStatic Unicode|Win32.Build.0 = Release|Win32
		{CC90D064-D01C-48B2-AABE-987B5AA29467}.UGRelMFCStatic Unicode|x64.ActiveCfg = Release|Win32
		{CC90D064-D01C-48B2-AABE-987B5AA29467}.UGRelMFCStatic|Win32.ActiveCfg = Release|Win32
		{CC90D064-D01C-48B2-AABE-987B5AA29467}.UGRelMFCStatic|Win32.Build.0 = Release|Win32
		{CC90D064-D01C-48B2-AABE-987B5AA29467}.UGRelMFCStatic|x64.ActiveCfg = Release|Win32
		{CC90D064-D01C-48B2-AABE-987B5AA29467}.UGRelOleMFCDLL Unicode|Win32.ActiveCfg = Release|Win32
		{CC90D064-D01C-48B2-AABE-987B5AA29467}.UGRelOleMFCDLL Unicode|Win32.Build.0 = Release|Win32
		{CC90D064-D01C-48B2-AABE-987B5AA29467}.UGRelOleMFCDLL Unicode|x64.ActiveCfg = Release|Win32
		{CC90D064-D01C-48B2-AABE-987B5AA29467}.UGRelOleMFCDLL|Win32.ActiveCfg = Release|Win32
		{CC90D064-D01C-48B2-AABE-987B5AA29467}.UGRelOleMFCDLL|Win32.Build.0 = Release|Win32
		{CC90D064-D01C-48B2-AABE-987B5AA29467}.UGRelOleMFCDLL|x64.ActiveCfg = Release|Win32
		{CC90D064-D01C-48B2-AABE-987B5AA29467}.UGRelOleMFCStatic Unicode|Win32.ActiveCfg = Release|Win32
		{CC90D064-D01C-48B2-AABE-987B5AA29467}.UGRelOleMFCStatic Unicode|Win32.Build.0 = Release|Win32
		{CC90D064-D01C-48B2-AABE-987B5AA29467}.UGRelOleMFCStatic Unicode|x64.ActiveCfg = Release|Win32
		{CC90D064-D01C-48B2-AABE-987B5AA29467}.UGRelOleMFCStatic|Win32.ActiveCfg = Release|Win32
		{CC90D064-D01C-48B2-AABE-987B5AA29467}.UGRelOleMFCStatic|Win32.Build.0 = Release|Win32
		{CC90D064-D01C-48B2-AABE-987B5AA29467}.UGRelOleMFCStatic|x64.ActiveCfg = Release|Win32
		{E269D9EC-F629-47AE-85F2-4C30D6665960}.Debug|Win32.ActiveCfg = UGDbgOleMFCDLL|Win32
		{E269D9EC-F629-47AE-85F2-4C30D6665960}.Debug|Win32.Build.0 = UGDbgOleMFCDLL|Win32
		{E269D9EC-F629-47AE-85F2-4C30D6665960}.Debug|x64.ActiveCfg = UGDbgOleMFCDLL Unicode|Win32
		{E269D9EC-F629-47AE-85F2-4C30D6665960}.Dynamic Debug|Win32.ActiveCfg = UGDbgOleMFCDLL Unicode|Win32
		{E269D9EC-F629-47AE-85F2-4C30D6665960}.Dynamic Debug|Win32.Build.0 = UGDbgOleMFCDLL Unicode|Win32
		{E269D9EC-F629-47AE-85F2-4C30D6665960}.Dynamic Debug|x64.ActiveCfg = UGDbgOleMFCDLL Unicode|Win32
		{E269D9EC-F629-47AE-85F2-4C30D6665960}.Dynamic Release|Win32.ActiveCfg = UGDbgOleMFCDLL Unicode|Win32
		{E269D9EC-F629-47AE-85F2-4C30D6665960}.Dynamic Release|Win32.Build.0 = UGDbgOleMFCDLL Unicode|Win32
		{E269D9EC-F629-47AE-85F2-4C30D6665960}.Dynamic Release|x64.ActiveCfg = UGDbgOleMFCDLL Unicode|Win32
		{E269D9EC-F629-47AE-85F2-4C30D6665960}.Dynamic Unicode Debug|Win32.ActiveCfg = UGDbgOleMFCDLL Unicode|Win32
		{E269D9EC-F629-47AE-85F2-4C30D6665960}.Dynamic Unicode Debug|Win32.Build.0 = UGDbgOleMFCDLL Unicode|Win32
		{E269D9EC-F629-47AE-85F2-4C30D6665960}.Dynamic Unicode Debug|x64.ActiveCfg = UGDbgOleMFCDLL Unicode|Win32
		{E269D9EC-F629-47AE-85F2-4C30D6665960}.Dynamic Unicode Release|Win32.ActiveCfg = UGDbgOleMFCDLL Unicode|Win32
		{E269D9EC-F629-47AE-85F2-4C30D6665960}.Dynamic Unicode Release|Win32.Build.0 = UGDbgOleMFCDLL Unicode|Win32
		{E269D9EC-F629-47AE-85F2-4C30D6665960}.Dynamic Unicode Release|x64.ActiveCfg = UGDbgOleMFCDLL Unicode|Win32
		{E269D9EC-F629-47AE-85F2-4C30D6665960}.Release|Win32.ActiveCfg = UGDbgOleMFCDLL Unicode|Win32
		{E269D9EC-F629-47AE-85F2-4C30D6665960}.Release|Win32.Build.0 = UGDbgOleMFCDLL Unicode|Win32
		{E269D9EC-F629-47AE-85F2-4C30D6665960}.Release|x64.ActiveCfg = UGDbgOleMFCDLL Unicode|Win32
		{E269D9EC-F629-47AE-85F2-4C30D6665960}.Static Debug|Win32.ActiveCfg = UGDbgOleMFCDLL Unicode|Win32
		{E269D9EC-F629-47AE-85F2-4C30D6665960}.Static Debug|Win32.Build.0 = UGDbgOleMFCDLL Unicode|Win32
		{E269D9EC-F629-47AE-85F2-4C30D6665960}.Static Debug|x64.ActiveCfg = UGDbgOleMFCDLL Unicode|Win32
		{E269D9EC-F629-47AE-85F2-4C30D6665960}.Static Release|Win32.ActiveCfg = UGDbgOleMFCDLL Unicode|Win32
		{E269D9EC-F629-47AE-85F2-4C30D6665960}.Static Release|Win32.Build.0 = UGDbgOleMFCDLL Unicode|Win32
		{E269D9EC-F629-47AE-85F2-4C30D6665960}.Static Release|x64.ActiveCfg = UGDbgOleMFCDLL Unicode|Win32
		{E269D9EC-F629-47AE-85F2-4C30D6665960}.Static Unicode Debug|Win32.ActiveCfg = UGDbgOleMFCDLL Unicode|Win32
		{E269D9EC-F629-47AE-85F2-4C30D6665960}.Static Unicode Debug|Win32.Build.0 = UGDbgOleMFCDLL Unicode|Win32
		{E269D9EC-F629-47AE-85F2-4C30D6665960}.Static Unicode Debug|x64.ActiveCfg = UGDbgOleMFCDLL Unicode|Win32
		{E269D9EC-F629-47AE-85F2-4C30D6665960}.Static Unicode Release|Win32.ActiveCfg = UGDbgOleMFCDLL Unicode|Win32
		{E269D9EC-F629-47AE-85F2-4C30D6665960}.Static Unicode Release|Win32.Build.0 = UGDbgOleMFCDLL Unicode|Win32
		{E269D9EC-F629-47AE-85F2-4C30D6665960}.Static Unicode Release|x64.ActiveCfg = UGDbgOleMFCDLL Unicode|Win32
		{E269D9EC-F629-47AE-85F2-4C30D6665960}.UGDbgMFCDLL Unicode|Win32.ActiveCfg = UGDbgMFCDLL Unicode|Win32
		{E269D9EC-F629-47AE-85F2-4C30D6665960}.UGDbgMFCDLL Unicode|Win32.Build.0 = UGDbgMFCDLL Unicode|Win32
		{E269D9EC-F629-47AE-85F2-4C30D6665960}.UGDbgMFCDLL Unicode|x64.ActiveCfg = UGDbgMFCDLL Unicode|Win32
		{E269D9EC-F629-47AE-85F2-4C30D6665960}.UGDbgMFCDLL|Win32.ActiveCfg = UGDbgMFCDLL|Win32
		{E269D9EC-F629-47AE-85F2-4C30D6665960}.UGDbgMFCDLL|Win32.Build.0 = UGDbgMFCDLL|Win32
		{E269D9EC-F629-47AE-85F2-4C30D6665960}.UGDbgMFCDLL|x64.ActiveCfg = UGDbgMFCDLL|Win32
		{E269D9EC-F629-47AE-85F2-4C30D6665960}.UGDbgMFCStatic Unicode|Win32.ActiveCfg = UGDbgMFCStatic Unicode|Win32
		{E269D9EC-F629-47AE-85F2-4C30D6665960}.UGDbgMFCStatic Unicode|Win32.Build.0 = UGDbgMFCStatic Unicode|Win32
		{E269D9EC-F629-47AE-85F2-4C30D6665960}.UGDbgMFCStatic Unicode|x64.ActiveCfg = UGDbgMFCStatic Unicode|Win32
		{E269D9EC-F629-47AE-85F2-4C30D6665960}.UGDbgMFCStatic|Win32.ActiveCfg = UGDbgMFCStatic|Win32
		{E269D9EC-F629-47AE-85F2-4C30D6665960}.UGDbgMFCStatic|Win32.Build.0 = UGDbgMFCStatic|Win32
		{E269D9EC-F629-47AE-85F2-4C30D6665960}.UGDbgMFCStatic|x64.ActiveCfg = UGDbgMFCStatic|Win32
		{E269D9EC-F629-47AE-85F2-4C30D6665960}.UGDbgOleMFCDLL Unicode|Win32.ActiveCfg = UGDbgOleMFCDLL Unicode|Win32
		{E269D9EC-F629-47AE-85F2-4C30D6665960}.UGDbgOleMFCDLL Unicode|Win32.Build.0 = UGDbgOleMFCDLL Unicode|Win32
		{E269D9EC-F629-47AE-85F2-4C30D6665960}.UGDbgOleMFCDLL Unicode|x64.ActiveCfg = UGDbgOleMFCDLL Unicode|Win32
		{E269D9EC-F629-47AE-85F2-4C30D6665960}.UGDbgOleMFCDLL|Win32.ActiveCfg = UGDbgOleMFCDLL|Win32
		{E269D9EC-F629-47AE-85F2-4C30D6665960}.UGDbgOleMFCDLL|Win32.Build.0 = UGDbgOleMFCDLL|Win32
		{E269D9EC-F629-47AE-85F2-4C30D6665960}.UGDbgOleMFCDLL|x64.ActiveCfg = UGDbgOleMFCDLL|Win32
		{E269D9EC-F629-47AE-85F2-4C30D6665960}.UGDbgOleMFCStatic Unicode|Win32.ActiveCfg = UGDbgOleMFCStatic Unicode|Win32
		{E269D9EC-F629-47AE-85F2-4C30D6665960}.UGDbgOleMFCStatic Unicode|Win32.Build.0 = UGDbgOleMFCStatic Unicode|Win32
		{E269D9EC-F629-47AE-85F2-4C30D6665960}.UGDbgOleMFCStatic Unicode|x64.ActiveCfg = UGDbgOleMFCStatic Unicode|Win32
		{E269D9EC-F629-47AE-85F2-4C30D6665960}.UGDbgOleMFCStatic|Win32.ActiveCfg = UGDbgOleMFCStatic|Win32
		{E269D9EC-F629-47AE-85F2-4C30D6665960}.UGDbgOleMFCStatic|Win32.Build.0 = UGDbgOleMFCStatic|Win32
		{E269D9EC-F629-47AE-85F2-4C30D6665960}.UGDbgOleMFCStatic|x64.ActiveCfg = UGDbgOleMFCStatic|Win32
		{E269D9EC-F629-47AE-85F2-4C30D6665960}.UGRelMFCDLL Unicode|Win32.ActiveCfg = UGRelMFCDLL Unicode|Win32
		{E269D9EC-F629-47AE-85F2-4C30D6665960}.UGRelMFCDLL Unicode|Win32.Build.0 = UGRelMFCDLL Unicode|Win32
		{E269D9EC-F629-47AE-85F2-4C30D6665960}.UGRelMFCDLL Unicode|x64.ActiveCfg = UGRelMFCDLL Unicode|Win32
		{E269D9EC-F629-47AE-85F2-4C30D6665960}.UGRelMFCDLL|Win32.ActiveCfg = UGRelMFCDLL|Win32
		{E269D9EC-F629-47AE-85F2-4C30D6665960}.UGRelMFCDLL|Win32.Build.0 = UGRelMFCDLL|Win32
		{E269D9EC-F629-47AE-85F2-4C30D6665960}.UGRelMFCDLL|x64.ActiveCfg = UGRelMFCDLL|Win32
		{E269D9EC-F629-47AE-85F2-4C30D6665960}.UGRelMFCStatic Unicode|Win32.ActiveCfg = UGRelMFCStatic Unicode|Win32
		{E269D9EC-F629-47AE-85F2-4C30D6665960}.UGRelMFCStatic Unicode|Win32.Build.0 = UGRelMFCStatic Unicode|Win32
		{E269D9EC-F629-47AE-85F2-4C30D6665960}.UGRelMFCStatic Unicode|x64.ActiveCfg = UGRelMFCStatic Unicode|Win32
		{E269D9EC-F629-47AE-85F2-4C30D6665960}.UGRelMFCStatic|Win32.ActiveCfg = UGRelMFCStatic|Win32
		{E269D9EC-F629-47AE-85F2-4C30D6665960}.UGRelMFCStatic|Win32.Build.0 = UGRelMFCStatic|Win32
		{E269D9EC-F629-47AE-85F2-4C30D6665960}.UGRelMFCStatic|x64.ActiveCfg = UGRelMFCStatic|Win32
		{E269D9EC-F629-47AE-85F2-4C30D6665960}.UGRelOleMFCDLL Unicode|Win32.ActiveCfg = UGRelOleMFCDLL Unicode|Win32
		{E269D9EC-F629-47AE-85F2-4C30D6665960}.UGRelOleMFCDLL Unicode|Win32.Build.0 = UGRelOleMFCDLL Unicode|Win32
		{E269D9EC-F629-47AE-85F2-4C30D6665960}.UGRelOleMFCDLL Unicode|x64.ActiveCfg = UGRelOleMFCDLL Unicode|Win32
		{E269D9EC-F629-47AE-85F2-4C30D6665960}.UGRelOleMFCDLL|Win32.ActiveCfg = UGRelOleMFCDLL|Win32
		{E269D9EC-F629-47AE-85F2-4C30D6665960}.UGRelOleMFCDLL|Win32.Build.0 = UGRelOleMFCDLL|Win32
		{E269D9EC-F629-47AE-85F2-4C30D6665960}.UGRelOleMFCDLL|x64.ActiveCfg = UGRelOleMFCDLL|Win32
		{E269D9EC-F629-47AE-85F2-4C30D6665960}.UGRelOleMFCStatic Unicode|Win32.ActiveCfg = UGRelOleMFCStatic Unicode|Win32
		{E269D9EC-F629-47AE-85F2-4C30D6665960}.UGRelOleMFCStatic Unicode|Win32.Build.0 = UGRelOleMFCStatic Unicode|Win32
		{E269D9EC-F629-47AE-85F2-4C30D6665960}.UGRelOleMFCStatic Unicode|x64.ActiveCfg = UGRelOleMFCStatic Unicode|Win32
		{E269D9EC-F629-47AE-85F2-4C30D6665960}.UGRelOleMFCStatic|Win32.ActiveCfg = UGRelOleMFCStatic|Win32
		{E269D9EC-F629-47AE-85F2-4C30D6665960}.UGRelOleMFCStatic|Win32.Build.0 = UGRelOleMFCStatic|Win32
		{E269D9EC-F629-47AE-85F2-4C30D6665960}.UGRelOleMFCStatic|x64.ActiveCfg = UGRelOleMFCStatic|Win32
		{53872481-1472-7556-9666-821985737652}.Debug|Win32.ActiveCfg = Dynamic Debug|Win32
		{53872481-1472-7556-9666-821985737652}.Debug|Win32.Build.0 = Dynamic Debug|Win32
		{53872481-1472-7556-9666-821985737652}.Debug|x64.ActiveCfg = Dynamic Unicode Debug|x64
		{53872481-1472-7556-9666-821985737652}.Debug|x64.Build.0 = Dynamic Unicode Debug|x64
		{53872481-1472-7556-9666-821985737652}.Dynamic Debug|Win32.ActiveCfg = Dynamic Debug|Win32
		{53872481-1472-7556-9666-821985737652}.Dynamic Debug|Win32.Build.0 = Dynamic Debug|Win32
		{53872481-1472-7556-9666-821985737652}.Dynamic Debug|x64.ActiveCfg = Dynamic Debug|x64
		{53872481-1472-7556-9666-821985737652}.Dynamic Debug|x64.Build.0 = Dynamic Debug|x64
		{53872481-1472-7556-9666-821985737652}.Dynamic Release|Win32.ActiveCfg = Dynamic Release|Win32
		{53872481-1472-7556-9666-821985737652}.Dynamic Release|Win32.Build.0 = Dynamic Release|Win32
		{53872481-1472-7556-9666-821985737652}.Dynamic Release|x64.ActiveCfg = Dynamic Release|x64
		{53872481-1472-7556-9666-821985737652}.Dynamic Release|x64.Build.0 = Dynamic Release|x64
		{53872481-1472-7556-9666-821985737652}.Dynamic Unicode Debug|Win32.ActiveCfg = Dynamic Unicode Debug|Win32
		{53872481-1472-7556-9666-821985737652}.Dynamic Unicode Debug|Win32.Build.0 = Dynamic Unicode Debug|Win32
		{53872481-1472-7556-9666-821985737652}.Dynamic Unicode Debug|x64.ActiveCfg = Dynamic Unicode Debug|x64
		{53872481-1472-7556-9666-821985737652}.Dynamic Unicode Debug|x64.Build.0 = Dynamic Unicode Debug|x64
		{53872481-1472-7556-9666-821985737652}.Dynamic Unicode Release|Win32.ActiveCfg = Dynamic Unicode Release|Win32
		{53872481-1472-7556-9666-821985737652}.Dynamic Unicode Release|Win32.Build.0 = Dynamic Unicode Release|Win32
		{53872481-1472-7556-9666-821985737652}.Dynamic Unicode Release|x64.ActiveCfg = Dynamic Unicode Release|x64
		{53872481-1472-7556-9666-821985737652}.Dynamic Unicode Release|x64.Build.0 = Dynamic Unicode Release|x64
		{53872481-1472-7556-9666-821985737652}.Release|Win32.ActiveCfg = Static Unicode Release|Win32
		{53872481-1472-7556-9666-821985737652}.Release|Win32.Build.0 = Static Unicode Release|Win32
		{53872481-1472-7556-9666-821985737652}.Release|x64.ActiveCfg = Static Unicode Release|x64
		{53872481-1472-7556-9666-821985737652}.Release|x64.Build.0 = Static Unicode Release|x64
		{53872481-1472-7556-9666-821985737652}.Static Debug|Win32.ActiveCfg = Static Debug|Win32
		{53872481-1472-7556-9666-821985737652}.Static Debug|Win32.Build.0 = Static Debug|Win32
		{53872481-1472-7556-9666-821985737652}.Static Debug|x64.ActiveCfg = Static Debug|x64
		{53872481-1472-7556-9666-821985737652}.Static Debug|x64.Build.0 = Static Debug|x64
		{53872481-1472-7556-9666-821985737652}.Static Release|Win32.ActiveCfg = Static Release|Win32
		{53872481-1472-7556-9666-821985737652}.Static Release|Win32.Build.0 = Static Release|Win32
		{53872481-1472-7556-9666-821985737652}.Static Release|x64.ActiveCfg = Static Release|x64
		{53872481-1472-7556-9666-821985737652}.Static Release|x64.Build.0 = Static Release|x64
		{53872481-1472-7556-9666-821985737652}.Static Unicode Debug|Win32.ActiveCfg = Static Unicode Debug|Win32
		{53872481-1472-7556-9666-821985737652}.Static Unicode Debug|Win32.Build.0 = Static Unicode Debug|Win32
		{53872481-1472-7556-9666-821985737652}.Static Unicode Debug|x64.ActiveCfg = Static Unicode Debug|x64
		{53872481-1472-7556-9666-821985737652}.Static Unicode Debug|x64.Build.0 = Static Unicode Debug|x64
		{53872481-1472-7556-9666-821985737652}.Static Unicode Release|Win32.ActiveCfg = Static Unicode Release|Win32
		{53872481-1472-7556-9666-821985737652}.Static Unicode Release|Win32.Build.0 = Static Unicode Release|Win32
		{53872481-1472-7556-9666-821985737652}.Static Unicode Release|x64.ActiveCfg = Static Unicode Release|x64
		{53872481-1472-7556-9666-821985737652}.Static Unicode Release|x64.Build.0 = Static Unicode Release|x64
		{53872481-1472-7556-9666-821985737652}.UGDbgMFCDLL Unicode|Win32.ActiveCfg = Static Unicode Release|Win32
		{53872481-1472-7556-9666-821985737652}.UGDbgMFCDLL Unicode|Win32.Build.0 = Static Unicode Release|Win32
		{53872481-1472-7556-9666-821985737652}.UGDbgMFCDLL Unicode|x64.ActiveCfg = Static Unicode Release|x64
		{53872481-1472-7556-9666-821985737652}.UGDbgMFCDLL Unicode|x64.Build.0 = Static Unicode Release|x64
		{53872481-1472-7556-9666-821985737652}.UGDbgMFCDLL|Win32.ActiveCfg = Static Unicode Release|Win32
		{53872481-1472-7556-9666-821985737652}.UGDbgMFCDLL|Win32.Build.0 = Static Unicode Release|Win32
		{53872481-1472-7556-9666-821985737652}.UGDbgMFCDLL|x64.ActiveCfg = Static Unicode Release|x64
		{53872481-1472-7556-9666-821985737652}.UGDbgMFCDLL|x64.Build.0 = Static Unicode Release|x64
		{53872481-1472-7556-9666-821985737652}.UGDbgMFCStatic Unicode|Win32.ActiveCfg = Static Unicode Release|Win32
		{53872481-1472-7556-9666-821985737652}.UGDbgMFCStatic Unicode|Win32.Build.0 = Static Unicode Release|Win32
		{53872481-1472-7556-9666-821985737652}.UGDbgMFCStatic Unicode|x64.ActiveCfg = Static Unicode Release|x64
		{53872481-1472-7556-9666-821985737652}.UGDbgMFCStatic Unicode|x64.Build.0 = Static Unicode Release|x64
		{53872481-1472-7556-9666-821985737652}.UGDbgMFCStatic|Win32.ActiveCfg = Static Unicode Release|Win32
		{53872481-1472-7556-9666-821985737652}.UGDbgMFCStatic|Win32.Build.0 = Static Unicode Release|Win32
		{53872481-1472-7556-9666-821985737652}.UGDbgMFCStatic|x64.ActiveCfg = Static Unicode Release|x64
		{53872481-1472-7556-9666-821985737652}.UGDbgMFCStatic|x64.Build.0 = Static Unicode Release|x64
		{53872481-1472-7556-9666-821985737652}.UGDbgOleMFCDLL Unicode|Win32.ActiveCfg = Static Unicode Release|Win32
		{53872481-1472-7556-9666-821985737652}.UGDbgOleMFCDLL Unicode|Win32.Build.0 = Static Unicode Release|Win32
		{53872481-1472-7556-9666-821985737652}.UGDbgOleMFCDLL Unicode|x64.ActiveCfg = Static Unicode Release|x64
		{53872481-1472-7556-9666-821985737652}.UGDbgOleMFCDLL Unicode|x64.Build.0 = Static Unicode Release|x64
		{53872481-1472-7556-9666-821985737652}.UGDbgOleMFCDLL|Win32.ActiveCfg = Static Unicode Release|Win32
		{53872481-1472-7556-9666-821985737652}.UGDbgOleMFCDLL|Win32.Build.0 = Static Unicode Release|Win32
		{53872481-1472-7556-9666-821985737652}.UGDbgOleMFCDLL|x64.ActiveCfg = Static Unicode Release|x64
		{53872481-1472-7556-9666-821985737652}.UGDbgOleMFCDLL|x64.Build.0 = Static Unicode Release|x64
		{53872481-1472-7556-9666-821985737652}.UGDbgOleMFCStatic Unicode|Win32.ActiveCfg = Static Unicode Release|Win32
		{53872481-1472-7556-9666-821985737652}.UGDbgOleMFCStatic Unicode|Win32.Build.0 = Static Unicode Release|Win32
		{53872481-1472-7556-9666-821985737652}.UGDbgOleMFCStatic Unicode|x64.ActiveCfg = Static Unicode Release|x64
		{53872481-1472-7556-9666-821985737652}.UGDbgOleMFCStatic Unicode|x64.Build.0 = Static Unicode Release|x64
		{53872481-1472-7556-9666-821985737652}.UGDbgOleMFCStatic|Win32.ActiveCfg = Static Unicode Release|Win32
		{53872481-1472-7556-9666-821985737652}.UGDbgOleMFCStatic|Win32.Build.0 = Static Unicode Release|Win32
		{53872481-1472-7556-9666-821985737652}.UGDbgOleMFCStatic|x64.ActiveCfg = Static Unicode Release|x64
		{53872481-1472-7556-9666-821985737652}.UGDbgOleMFCStatic|x64.Build.0 = Static Unicode Release|x64
		{53872481-1472-7556-9666-821985737652}.UGRelMFCDLL Unicode|Win32.ActiveCfg = Static Unicode Release|Win32
		{53872481-1472-7556-9666-821985737652}.UGRelMFCDLL Unicode|Win32.Build.0 = Static Unicode Release|Win32
		{53872481-1472-7556-9666-821985737652}.UGRelMFCDLL Unicode|x64.ActiveCfg = Static Unicode Release|x64
		{53872481-1472-7556-9666-821985737652}.UGRelMFCDLL Unicode|x64.Build.0 = Static Unicode Release|x64
		{53872481-1472-7556-9666-821985737652}.UGRelMFCDLL|Win32.ActiveCfg = Static Unicode Release|Win32
		{53872481-1472-7556-9666-821985737652}.UGRelMFCDLL|Win32.Build.0 = Static Unicode Release|Win32
		{53872481-1472-7556-9666-821985737652}.UGRelMFCDLL|x64.ActiveCfg = Static Unicode Release|x64
		{53872481-1472-7556-9666-821985737652}.UGRelMFCDLL|x64.Build.0 = Static Unicode Release|x64
		{53872481-1472-7556-9666-821985737652}.UGRelMFCStatic Unicode|Win32.ActiveCfg = Static Unicode Release|Win32
		{53872481-1472-7556-9666-821985737652}.UGRelMFCStatic Unicode|Win32.Build.0 = Static Unicode Release|Win32
		{53872481-1472-7556-9666-821985737652}.UGRelMFCStatic Unicode|x64.ActiveCfg = Static Unicode Release|x64
		{53872481-1472-7556-9666-821985737652}.UGRelMFCStatic Unicode|x64.Build.0 = Static Unicode Release|x64
		{53872481-1472-7556-9666-821985737652}.UGRelMFCStatic|Win32.ActiveCfg = Static Unicode Release|Win32
		{53872481-1472-7556-9666-821985737652}.UGRelMFCStatic|Win32.Build.0 = Static Unicode Release|Win32
		{53872481-1472-7556-9666-821985737652}.UGRelMFCStatic|x64.ActiveCfg = Static Unicode Release|x64
		{53872481-1472-7556-9666-821985737652}.UGRelMFCStatic|x64.Build.0 = Static Unicode Release|x64
		{53872481-1472-7556-9666-821985737652}.UGRelOleMFCDLL Unicode|Win32.ActiveCfg = Static Unicode Release|Win32
		{53872481-1472-7556-9666-821985737652}.UGRelOleMFCDLL Unicode|Win32.Build.0 = Static Unicode Release|Win32
		{53872481-1472-7556-9666-821985737652}.UGRelOleMFCDLL Unicode|x64.ActiveCfg = Static Unicode Release|x64
		{53872481-1472-7556-9666-821985737652}.UGRelOleMFCDLL Unicode|x64.Build.0 = Static Unicode Release|x64
		{53872481-1472-7556-9666-821985737652}.UGRelOleMFCDLL|Win32.ActiveCfg = Static Unicode Release|Win32
		{53872481-1472-7556-9666-821985737652}.UGRelOleMFCDLL|Win32.Build.0 = Static Unicode Release|Win32
		{53872481-1472-7556-9666-821985737652}.UGRelOleMFCDLL|x64.ActiveCfg = Static Unicode Release|x64
		{53872481-1472-7556-9666-821985737652}.UGRelOleMFCDLL|x64.Build.0 = Static Unicode Release|x64
		{53872481-1472-7556-9666-821985737652}.UGRelOleMFCStatic Unicode|Win32.ActiveCfg = Static Unicode Release|Win32
		{53872481-1472-7556-9666-821985737652}.UGRelOleMFCStatic Unicode|Win32.Build.0 = Static Unicode Release|Win32
		{53872481-1472-7556-9666-821985737652}.UGRelOleMFCStatic Unicode|x64.ActiveCfg = Static Unicode Release|x64
		{53872481-1472-7556-9666-821985737652}.UGRelOleMFCStatic Unicode|x64.Build.0 = Static Unicode Release|x64
		{53872481-1472-7556-9666-821985737652}.UGRelOleMFCStatic|Win32.ActiveCfg = Static Unicode Release|Win32
		{53872481-1472-7556-9666-821985737652}.UGRelOleMFCStatic|Win32.Build.0 = Static Unicode Release|Win32
		{53872481-1472-7556-9666-821985737652}.UGRelOleMFCStatic|x64.ActiveCfg = Static Unicode Release|x64
		{53872481-1472-7556-9666-821985737652}.UGRelOleMFCStatic|x64.Build.0 = Static Unicode Release|x64
		{1AA46442-D119-49BE-B394-5943DCAFE62D}.Debug|Win32.ActiveCfg = Debug|Win32
		{1AA46442-D119-49BE-B394-5943DCAFE62D}.Debug|Win32.Build.0 = Debug|Win32
		{1AA46442-D119-49BE-B394-5943DCAFE62D}.Debug|x64.ActiveCfg = Debug|Win32
		{1AA46442-D119-49BE-B394-5943DCAFE62D}.Dynamic Debug|Win32.ActiveCfg = Debug|Win32
		{1AA46442-D119-49BE-B394-5943DCAFE62D}.Dynamic Debug|Win32.Build.0 = Debug|Win32
		{1AA46442-D119-49BE-B394-5943DCAFE62D}.Dynamic Debug|x64.ActiveCfg = Debug|Win32
		{1AA46442-D119-49BE-B394-5943DCAFE62D}.Dynamic Release|Win32.ActiveCfg = Release|Win32
		{1AA46442-D119-49BE-B394-5943DCAFE62D}.Dynamic Release|Win32.Build.0 = Release|Win32
		{1AA46442-D119-49BE-B394-5943DCAFE62D}.Dynamic Release|x64.ActiveCfg = Release|Win32
		{1AA46442-D119-49BE-B394-5943DCAFE62D}.Dynamic Unicode Debug|Win32.ActiveCfg = Debug|Win32
		{1AA46442-D119-49BE-B394-5943DCAFE62D}.Dynamic Unicode Debug|Win32.Build.0 = Debug|Win32
		{1AA46442-D119-49BE-B394-5943DCAFE62D}.Dynamic Unicode Debug|x64.ActiveCfg = Debug|Win32
		{1AA46442-D119-49BE-B394-5943DCAFE62D}.Dynamic Unicode Release|Win32.ActiveCfg = Release|Win32
		{1AA46442-D119-49BE-B394-5943DCAFE62D}.Dynamic Unicode Release|Win32.Build.0 = Release|Win32
		{1AA46442-D119-49BE-B394-5943DCAFE62D}.Dynamic Unicode Release|x64.ActiveCfg = Release|Win32
		{1AA46442-D119-49BE-B394-5943DCAFE62D}.Release|Win32.ActiveCfg = Release|Win32
		{1AA46442-D119-49BE-B394-5943DCAFE62D}.Release|Win32.Build.0 = Release|Win32
		{1AA46442-D119-49BE-B394-5943DCAFE62D}.Release|x64.ActiveCfg = Release|Win32
		{1AA46442-D119-49BE-B394-5943DCAFE62D}.Static Debug|Win32.ActiveCfg = Debug|Win32
		{1AA46442-D119-49BE-B394-5943DCAFE62D}.Static Debug|Win32.Build.0 = Debug|Win32
		{1AA46442-D119-49BE-B394-5943DCAFE62D}.Static Debug|x64.ActiveCfg = Debug|Win32
		{1AA46442-D119-49BE-B394-5943DCAFE62D}.Static Release|Win32.ActiveCfg = Release|Win32
		{1AA46442-D119-49BE-B394-5943DCAFE62D}.Static Release|Win32.Build.0 = Release|Win32
		{1AA46442-D119-49BE-B394-5943DCAFE62D}.Static Release|x64.ActiveCfg = Release|Win32
		{1AA46442-D119-49BE-B394-5943DCAFE62D}.Static Unicode Debug|Win32.ActiveCfg = Debug|Win32
		{1AA46442-D119-49BE-B394-5943DCAFE62D}.Static Unicode Debug|Win32.Build.0 = Debug|Win32
		{1AA46442-D119-49BE-B394-5943DCAFE62D}.Static Unicode Debug|x64.ActiveCfg = Debug|Win32
		{1AA46442-D119-49BE-B394-5943DCAFE62D}.Static Unicode Release|Win32.ActiveCfg = Release|Win32
		{1AA46442-D119-49BE-B394-5943DCAFE62D}.Static Unicode Release|Win32.Build.0 = Release|Win32
		{1AA46442-D119-49BE-B394-5943DCAFE62D}.Static Unicode Release|x64.ActiveCfg = Release|Win32
		{1AA46442-D119-49BE-B394-5943DCAFE62D}.UGDbgMFCDLL Unicode|Win32.ActiveCfg = Release|Win32
		{1AA46442-D119-49BE-B394-5943DCAFE62D}.UGDbgMFCDLL Unicode|Win32.Build.0 = Release|Win32
		{1AA46442-D119-49BE-B394-5943DCAFE62D}.UGDbgMFCDLL Unicode|x64.ActiveCfg = Release|Win32
		{1AA46442-D119-49BE-B394-5943DCAFE62D}.UGDbgMFCDLL|Win32.ActiveCfg = Release|Win32
		{1AA46442-D119-49BE-B394-5943DCAFE62D}.UGDbgMFCDLL|Win32.Build.0 = Release|Win32
		{1AA46442-D119-49BE-B394-5943DCAFE62D}.UGDbgMFCDLL|x64.ActiveCfg = Release|Win32
		{1AA46442-D119-49BE-B394-5943DCAFE62D}.UGDbgMFCStatic Unicode|Win32.ActiveCfg = Release|Win32
		{1AA46442-D119-49BE-B394-5943DCAFE62D}.UGDbgMFCStatic Unicode|Win32.Build.0 = Release|Win32
		{1AA46442-D119-49BE-B394-5943DCAFE62D}.UGDbgMFCStatic Unicode|x64.ActiveCfg = Release|Win32
		{1AA46442-D119-49BE-B394-5943DCAFE62D}.UGDbgMFCStatic|Win32.ActiveCfg = Release|Win32
		{1AA46442-D119-49BE-B394-5943DCAFE62D}.UGDbgMFCStatic|Win32.Build.0 = Release|Win32
		{1AA46442-D119-49BE-B394-5943DCAFE62D}.UGDbgMFCStatic|x64.ActiveCfg = Release|Win32
		{1AA46442-D119-49BE-B394-5943DCAFE62D}.UGDbgOleMFCDLL Unicode|Win32.ActiveCfg = Release|Win32
		{1AA46442-D119-49BE-B394-5943DCAFE62D}.UGDbgOleMFCDLL Unicode|Win32.Build.0 = Release|Win32
		{1AA46442-D119-49BE-B394-5943DCAFE62D}.UGDbgOleMFCDLL Unicode|x64.ActiveCfg = Release|Win32
		{1AA46442-D119-49BE-B394-5943DCAFE62D}.UGDbgOleMFCDLL|Win32.ActiveCfg = Release|Win32
		{1AA46442-D119-49BE-B394-5943DCAFE62D}.UGDbgOleMFCDLL|Win32.Build.0 = Release|Win32
		{1AA46442-D119-49BE-B394-5943DCAFE62D}.UGDbgOleMFCDLL|x64.ActiveCfg = Release|Win32
		{1AA46442-D119-49BE-B394-5943DCAFE62D}.UGDbgOleMFCStatic Unicode|Win32.ActiveCfg = Release|Win32
		{1AA46442-D119-49BE-B394-5943DCAFE62D}.UGDbgOleMFCStatic Unicode|Win32.Build.0 = Release|Win32
		{1AA46442-D119-49BE-B394-5943DCAFE62D}.UGDbgOleMFCStatic Unicode|x64.ActiveCfg = Release|Win32
		{1AA46442-D119-49BE-B394-5943DCAFE62D}.UGDbgOleMFCStatic|Win32.ActiveCfg = Release|Win32
		{1AA46442-D119-49BE-B394-5943DCAFE62D}.UGDbgOleMFCStatic|Win32.Build.0 = Release|Win32
		{1AA46442-D119-49BE-B394-5943DCAFE62D}.UGDbgOleMFCStatic|x64.ActiveCfg = Release|Win32
		{1AA46442-D119-49BE-B394-5943DCAFE62D}.UGRelMFCDLL Unicode|Win32.ActiveCfg = Release|Win32
		{1AA46442-D119-49BE-B394-5943DCAFE62D}.UGRelMFCDLL Unicode|Win32.Build.0 = Release|Win32
		{1AA46442-D119-49BE-B394-5943DCAFE62D}.UGRelMFCDLL Unicode|x64.ActiveCfg = Release|Win32
		{1AA46442-D119-49BE-B394-5943DCAFE62D}.UGRelMFCDLL|Win32.ActiveCfg = Release|Win32
		{1AA46442-D119-49BE-B394-5943DCAFE62D}.UGRelMFCDLL|Win32.Build.0 = Release|Win32
		{1AA46442-D119-49BE-B394-5943DCAFE62D}.UGRelMFCDLL|x64.ActiveCfg = Release|Win32
		{1AA46442-D119-49BE-B394-5943DCAFE62D}.UGRelMFCStatic Unicode|Win32.ActiveCfg = Release|Win32
		{1AA46442-D119-49BE-B394-5943DCAFE62D}.UGRelMFCStatic Unicode|Win32.Build.0 = Release|Win32
		{1AA46442-D119-49BE-B394-5943DCAFE62D}.UGRelMFCStatic Unicode|x64.ActiveCfg = Release|Win32
		{1AA46442-D119-49BE-B394-5943DCAFE62D}.UGRelMFCStatic|Win32.ActiveCfg = Release|Win32
		{1AA46442-D119-49BE-B394-5943DCAFE62D}.UGRelMFCStatic|Win32.Build.0 = Release|Win32
		{1AA46442-D119-49BE-B394-5943DCAFE62D}.UGRelMFCStatic|x64.ActiveCfg = Release|Win32
		{1AA46442-D119-49BE-B394-5943DCAFE62D}.UGRelOleMFCDLL Unicode|Win32.ActiveCfg = Release|Win32
		{1AA46442-D119-49BE-B394-5943DCAFE62D}.UGRelOleMFCDLL Unicode|Win32.Build.0 = Release|Win32
		{1AA46442-D119-49BE-B394-5943DCAFE62D}.UGRelOleMFCDLL Unicode|x64.ActiveCfg = Release|Win32
		{1AA46442-D119-49BE-B394-5943DCAFE62D}.UGRelOleMFCDLL|Win32.ActiveCfg = Release|Win32
		{1AA46442-D119-49BE-B394-5943DCAFE62D}.UGRelOleMFCDLL|Win32.Build.0 = Release|Win32
		{1AA46442-D119-49BE-B394-5943DCAFE62D}.UGRelOleMFCDLL|x64.ActiveCfg = Release|Win32
		{1AA46442-D119-49BE-B394-5943DCAFE62D}.UGRelOleMFCStatic Unicode|Win32.ActiveCfg = Release|Win32
		{1AA46442-D119-49BE-B394-5943DCAFE62D}.UGRelOleMFCStatic Unicode|Win32.Build.0 = Release|Win32
		{1AA46442-D119-49BE-B394-5943DCAFE62D}.UGRelOleMFCStatic Unicode|x64.ActiveCfg = Release|Win32
		{1AA46442-D119-49BE-B394-5943DCAFE62D}.UGRelOleMFCStatic|Win32.ActiveCfg = Release|Win32
		{1AA46442-D119-49BE-B394-5943DCAFE62D}.UGRelOleMFCStatic|Win32.Build.0 = Release|Win32
		{1AA46442-D119-49BE-B394-5943DCAFE62D}.UGRelOleMFCStatic|x64.ActiveCfg = Release|Win32
		{5C4DF286-3618-4B64-B1E4-BD9C4D873C80}.Debug|Win32.ActiveCfg = Debug|Win32
		{5C4DF286-3618-4B64-B1E4-BD9C4D873C80}.Debug|Win32.Build.0 = Debug|Win32
		{5C4DF286-3618-4B64-B1E4-BD9C4D873C80}.Debug|x64.ActiveCfg = Debug|Win32
		{5C4DF286-3618-4B64-B1E4-BD9C4D873C80}.Dynamic Debug|Win32.ActiveCfg = Debug|Win32
		{5C4DF286-3618-4B64-B1E4-BD9C4D873C80}.Dynamic Debug|Win32.Build.0 = Debug|Win32
		{5C4DF286-3618-4B64-B1E4-BD9C4D873C80}.Dynamic Debug|x64.ActiveCfg = Debug|Win32
		{5C4DF286-3618-4B64-B1E4-BD9C4D873C80}.Dynamic Release|Win32.ActiveCfg = Release|Win32
		{5C4DF286-3618-4B64-B1E4-BD9C4D873C80}.Dynamic Release|Win32.Build.0 = Release|Win32
		{5C4DF286-3618-4B64-B1E4-BD9C4D873C80}.Dynamic Release|x64.ActiveCfg = Release|Win32
		{5C4DF286-3618-4B64-B1E4-BD9C4D873C80}.Dynamic Unicode Debug|Win32.ActiveCfg = Debug|Win32
		{5C4DF286-3618-4B64-B1E4-BD9C4D873C80}.Dynamic Unicode Debug|Win32.Build.0 = Debug|Win32
		{5C4DF286-3618-4B64-B1E4-BD9C4D873C80}.Dynamic Unicode Debug|x64.ActiveCfg = Debug|Win32
		{5C4DF286-3618-4B64-B1E4-BD9C4D873C80}.Dynamic Unicode Release|Win32.ActiveCfg = Release|Win32
		{5C4DF286-3618-4B64-B1E4-BD9C4D873C80}.Dynamic Unicode Release|Win32.Build.0 = Release|Win32
		{5C4DF286-3618-4B64-B1E4-BD9C4D873C80}.Dynamic Unicode Release|x64.ActiveCfg = Release|Win32
		{5C4DF286-3618-4B64-B1E4-BD9C4D873C80}.Release|Win32.ActiveCfg = Release|Win32
		{5C4DF286-3618-4B64-B1E4-BD9C4D873C80}.Release|Win32.Build.0 = Release|Win32
		{5C4DF286-3618-4B64-B1E4-BD9C4D873C80}.Release|x64.ActiveCfg = Release|Win32
		{5C4DF286-3618-4B64-B1E4-BD9C4D873C80}.Static Debug|Win32.ActiveCfg = Debug|Win32
		{5C4DF286-3618-4B64-B1E4-BD9C4D873C80}.Static Debug|Win32.Build.0 = Debug|Win32
		{5C4DF286-3618-4B64-B1E4-BD9C4D873C80}.Static Debug|x64.ActiveCfg = Debug|Win32
		{5C4DF286-3618-4B64-B1E4-BD9C4D873C80}.Static Release|Win32.ActiveCfg = Release|Win32
		{5C4DF286-3618-4B64-B1E4-BD9C4D873C80}.Static Release|Win32.Build.0 = Release|Win32
		{5C4DF286-3618-4B64-B1E4-BD9C4D873C80}.Static Release|x64.ActiveCfg = Release|Win32
		{5C4DF286-3618-4B64-B1E4-BD9C4D873C80}.Static Unicode Debug|Win32.ActiveCfg = Debug|Win32
		{5C4DF286-3618-4B64-B1E4-BD9C4D873C80}.Static Unicode Debug|Win32.Build.0 = Debug|Win32
		{5C4DF286-3618-4B64-B1E4-BD9C4D873C80}.Static Unicode Debug|x64.ActiveCfg = Debug|Win32
		{5C4DF286-3618-4B64-B1E4-BD9C4D873C80}.Static Unicode Release|Win32.ActiveCfg = Release|Win32
		{5C4DF286-3618-4B64-B1E4-BD9C4D873C80}.Static Unicode Release|Win32.Build.0 = Release|Win32
		{5C4DF286-3618-4B64-B1E4-BD9C4D873C80}.Static Unicode Release|x64.ActiveCfg = Release|Win32
		{5C4DF286-3618-4B64-B1E4-BD9C4D873C80}.UGDbgMFCDLL Unicode|Win32.ActiveCfg = Release|Win32
		{5C4DF286-3618-4B64-B1E4-BD9C4D873C80}.UGDbgMFCDLL Unicode|Win32.Build.0 = Release|Win32
		{5C4DF286-3618-4B64-B1E4-BD9C4D873C80}.UGDbgMFCDLL Unicode|x64.ActiveCfg = Release|Win32
		{5C4DF286-3618-4B64-B1E4-BD9C4D873C80}.UGDbgMFCDLL|Win32.ActiveCfg = Release|Win32
		{5C4DF286-3618-4B64-B1E4-BD9C4D873C80}.UGDbgMFCDLL|Win32.Build.0 = Release|Win32
		{5C4DF286-3618-4B64-B1E4-BD9C4D873C80}.UGDbgMFCDLL|x64.ActiveCfg = Release|Win32
		{5C4DF286-3618-4B64-B1E4-BD9C4D873C80}.UGDbgMFCStatic Unicode|Win32.ActiveCfg = Release|Win32
		{5C4DF286-3618-4B64-B1E4-BD9C4D873C80}.UGDbgMFCStatic Unicode|Win32.Build.0 = Release|Win32
		{5C4DF286-3618-4B64-B1E4-BD9C4D873C80}.UGDbgMFCStatic Unicode|x64.ActiveCfg = Release|Win32
		{5C4DF286-3618-4B64-B1E4-BD9C4D873C80}.UGDbgMFCStatic|Win32.ActiveCfg = Release|Win32
		{5C4DF286-3618-4B64-B1E4-BD9C4D873C80}.UGDbgMFCStatic|Win32.Build.0 = Release|Win32
		{5C4DF286-3618-4B64-B1E4-BD9C4D873C80}.UGDbgMFCStatic|x64.ActiveCfg = Release|Win32
		{5C4DF286-3618-4B64-B1E4-BD9C4D873C80}.UGDbgOleMFCDLL Unicode|Win32.ActiveCfg = Release|Win32
		{5C4DF286-3618-4B64-B1E4-BD9C4D873C80}.UGDbgOleMFCDLL Unicode|Win32.Build.0 = Release|Win32
		{5C4DF286-3618-4B64-B1E4-BD9C4D873C80}.UGDbgOleMFCDLL Unicode|x64.ActiveCfg = Release|Win32
		{5C4DF286-3618-4B64-B1E4-BD9C4D873C80}.UGDbgOleMFCDLL|Win32.ActiveCfg = Release|Win32
		{5C4DF286-3618-4B64-B1E4-BD9C4D873C80}.UGDbgOleMFCDLL|Win32.Build.0 = Release|Win32
		{5C4DF286-3618-4B64-B1E4-BD9C4D873C80}.UGDbgOleMFCDLL|x64.ActiveCfg = Release|Win32
		{5C4DF286-3618-4B64-B1E4-BD9C4D873C80}.UGDbgOleMFCStatic Unicode|Win32.ActiveCfg = Release|Win32
		{5C4DF286-3618-4B64-B1E4-BD9C4D873C80}.UGDbgOleMFCStatic Unicode|Win32.Build.0 = Release|Win32
		{5C4DF286-3618-4B64-B1E4-BD9C4D873C80}.UGDbgOleMFCStatic Unicode|x64.ActiveCfg = Release|Win32
		{5C4DF286-3618-4B64-B1E4-BD9C4D873C80}.UGDbgOleMFCStatic|Win32.ActiveCfg = Release|Win32
		{5C4DF286-3618-4B64-B1E4-BD9C4D873C80}.UGDbgOleMFCStatic|Win32.Build.0 = Release|Win32
		{5C4DF286-3618-4B64-B1E4-BD9C4D873C80}.UGDbgOleMFCStatic|x64.ActiveCfg = Release|Win32
		{5C4DF286-3618-4B64-B1E4-BD9C4D873C80}.UGRelMFCDLL Unicode|Win32.ActiveCfg = Release|Win32
		{5C4DF286-3618-4B64-B1E4-BD9C4D873C80}.UGRelMFCDLL Unicode|Win32.Build.0 = Release|Win32
		{5C4DF286-3618-4B64-B1E4-BD9C4D873C80}.UGRelMFCDLL Unicode|x64.ActiveCfg = Release|Win32
		{5C4DF286-3618-4B64-B1E4-BD9C4D873C80}.UGRelMFCDLL|Win32.ActiveCfg = Release|Win32
		{5C4DF286-3618-4B64-B1E4-BD9C4D873C80}.UGRelMFCDLL|Win32.Build.0 = Release|Win32
		{5C4DF286-3618-4B64-B1E4-BD9C4D873C80}.UGRelMFCDLL|x64.ActiveCfg = Release|Win32
		{5C4DF286-3618-4B64-B1E4-BD9C4D873C80}.UGRelMFCStatic Unicode|Win32.ActiveCfg = Release|Win32
		{5C4DF286-3618-4B64-B1E4-BD9C4D873C80}.UGRelMFCStatic Unicode|Win32.Build.0 = Release|Win32
		{5C4DF286-3618-4B64-B1E4-BD9C4D873C80}.UGRelMFCStatic Unicode|x64.ActiveCfg = Release|Win32
		{5C4DF286-3618-4B64-B1E4-BD9C4D873C80}.UGRelMFCStatic|Win32.ActiveCfg = Release|Win32
		{5C4DF286-3618-4B64-B1E4-BD9C4D873C80}.UGRelMFCStatic|Win32.Build.0 = Release|Win32
		{5C4DF286-3618-4B64-B1E4-BD9C4D873C80}.UGRelMFCStatic|x64.ActiveCfg = Release|Win32
		{5C4DF286-3618-4B64-B1E4-BD9C4D873C80}.UGRelOleMFCDLL Unicode|Win32.ActiveCfg = Release|Win32
		{5C4DF286-3618-4B64-B1E4-BD9C4D873C80}.UGRelOleMFCDLL Unicode|Win32.Build.0 = Release|Win32
		{5C4DF286-3618-4B64-B1E4-BD9C4D873C80}.UGRelOleMFCDLL Unicode|x64.ActiveCfg = Release|Win32
		{5C4DF286-3618-4B64-B1E4-BD9C4D873C80}.UGRelOleMFCDLL|Win32.ActiveCfg = Release|Win32
		{5C4DF286-3618-4B64-B1E4-BD9C4D873C80}.UGRelOleMFCDLL|Win32.Build.0 = Release|Win32
		{5C4DF286-3618-4B64-B1E4-BD9C4D873C80}.UGRelOleMFCDLL|x64.ActiveCfg = Release|Win32
		{5C4DF286-3618-4B64-B1E4-BD9C4D873C80}.UGRelOleMFCStatic Unicode|Win32.ActiveCfg = Release|Win32
		{5C4DF286-3618-4B64-B1E4-BD9C4D873C80}.UGRelOleMFCStatic Unicode|Win32.Build.0 = Release|Win32
		{5C4DF286-3618-4B64-B1E4-BD9C4D873C80}.UGRelOleMFCStatic Unicode|x64.ActiveCfg = Release|Win32
		{5C4DF286-3618-4B64-B1E4-BD9C4D873C80}.UGRelOleMFCStatic|Win32.ActiveCfg = Release|Win32
		{5C4DF286-3618-4B64-B1E4-BD9C4D873C80}.UGRelOleMFCStatic|Win32.Build.0 = Release|Win32
		{5C4DF286-3618-4B64-B1E4-BD9C4D873C80}.UGRelOleMFCStatic|x64.ActiveCfg = Release|Win32
	EndGlobalSection
	GlobalSection(SolutionProperties) = preSolution
		HideSolutionNode = FALSE
	EndGlobalSection
EndGlobal
